
Microsoft Visual Studio Solution File, Format Version 12.00
# Visual Studio 14
VisualStudioVersion = 14.0.23107.0
MinimumVisualStudioVersion = 10.0.40219.1
Project("{FAE04EC0-301F-11D3-BF4B-00C04F79EFBC}") = "Task01", "Task01\Task01.csproj", "{A495C7CF-E07E-4CEA-A725-2E355C96B883}"
EndProject
Project("{FAE04EC0-301F-11D3-BF4B-00C04F79EFBC}") = "Task02", "Task02\Task02.csproj", "{423EDF7C-F408-4653-8DA5-8869197FD92C}"
EndProject
Global
	GlobalSection(SolutionConfigurationPlatforms) = preSolution
		Debug|Any CPU = Debug|Any CPU
		Release|Any CPU = Release|Any CPU
	EndGlobalSection
	GlobalSection(ProjectConfigurationPlatforms) = postSolution
		{A495C7CF-E07E-4CEA-A725-2E355C96B883}.Debug|Any CPU.ActiveCfg = Debug|Any CPU
		{A495C7CF-E07E-4CEA-A725-2E355C96B883}.Debug|Any CPU.Build.0 = Debug|Any CPU
		{A495C7CF-E07E-4CEA-A725-2E355C96B883}.Release|Any CPU.ActiveCfg = Release|Any CPU
		{A495C7CF-E07E-4CEA-A725-2E355C96B883}.Release|Any CPU.Build.0 = Release|Any CPU
		{423EDF7C-F408-4653-8DA5-8869197FD92C}.Debug|Any CPU.ActiveCfg = Debug|Any CPU
		{423EDF7C-F408-4653-8DA5-8869197FD92C}.Debug|Any CPU.Build.0 = Debug|Any CPU
		{423EDF7C-F408-4653-8DA5-8869197FD92C}.Release|Any CPU.ActiveCfg = Release|Any CPU
		{423EDF7C-F408-4653-8DA5-8869197FD92C}.Release|Any CPU.Build.0 = Release|Any CPU
	EndGlobalSection
	GlobalSection(SolutionProperties) = preSolution
		HideSolutionNode = FALSE
	EndGlobalSection
EndGlobal
