
Microsoft Visual Studio Solution File, Format Version 12.00
# Visual Studio 2013
VisualStudioVersion = 12.0.31101.0
MinimumVisualStudioVersion = 10.0.40219.1
Project("{FAE04EC0-301F-11D3-BF4B-00C04F79EFBC}") = "Task01", "Task01\Task01.csproj", "{5A899163-1D9D-4832-B208-58A0BC95A4C6}"
EndProject
Project("{FAE04EC0-301F-11D3-BF4B-00C04F79EFBC}") = "Task02", "Task02\Task02.csproj", "{2D0F5AEA-B201-4987-9177-8AD341285FAA}"
EndProject
Project("{FAE04EC0-301F-11D3-BF4B-00C04F79EFBC}") = "Task03", "Task03\Task03.csproj", "{E5F3632D-934B-40E1-8D7C-E43EAC026954}"
EndProject
Global
	GlobalSection(SolutionConfigurationPlatforms) = preSolution
		Debug|Any CPU = Debug|Any CPU
		Release|Any CPU = Release|Any CPU
	EndGlobalSection
	GlobalSection(ProjectConfigurationPlatforms) = postSolution
		{5A899163-1D9D-4832-B208-58A0BC95A4C6}.Debug|Any CPU.ActiveCfg = Debug|Any CPU
		{5A899163-1D9D-4832-B208-58A0BC95A4C6}.Debug|Any CPU.Build.0 = Debug|Any CPU
		{5A899163-1D9D-4832-B208-58A0BC95A4C6}.Release|Any CPU.ActiveCfg = Release|Any CPU
		{5A899163-1D9D-4832-B208-58A0BC95A4C6}.Release|Any CPU.Build.0 = Release|Any CPU
		{2D0F5AEA-B201-4987-9177-8AD341285FAA}.Debug|Any CPU.ActiveCfg = Debug|Any CPU
		{2D0F5AEA-B201-4987-9177-8AD341285FAA}.Debug|Any CPU.Build.0 = Debug|Any CPU
		{2D0F5AEA-B201-4987-9177-8AD341285FAA}.Release|Any CPU.ActiveCfg = Release|Any CPU
		{2D0F5AEA-B201-4987-9177-8AD341285FAA}.Release|Any CPU.Build.0 = Release|Any CPU
		{E5F3632D-934B-40E1-8D7C-E43EAC026954}.Debug|Any CPU.ActiveCfg = Debug|Any CPU
		{E5F3632D-934B-40E1-8D7C-E43EAC026954}.Debug|Any CPU.Build.0 = Debug|Any CPU
		{E5F3632D-934B-40E1-8D7C-E43EAC026954}.Release|Any CPU.ActiveCfg = Release|Any CPU
		{E5F3632D-934B-40E1-8D7C-E43EAC026954}.Release|Any CPU.Build.0 = Release|Any CPU
	EndGlobalSection
	GlobalSection(SolutionProperties) = preSolution
		HideSolutionNode = FALSE
	EndGlobalSection
EndGlobal
