
Microsoft Visual Studio Solution File, Format Version 12.00
# Visual Studio 2013
VisualStudioVersion = 12.0.21005.1
MinimumVisualStudioVersion = 10.0.40219.1
Project("{FAE04EC0-301F-11D3-BF4B-00C04F79EFBC}") = "MyFirstProject", "MyFirstProject\MyFirstProject.csproj", "{B92D450B-F901-4A64-94F9-00F78230C5CC}"
EndProject
Project("{FAE04EC0-301F-11D3-BF4B-00C04F79EFBC}") = "MySecondProject", "MySecondProject\MySecondProject.csproj", "{6F7546B0-3DBA-45F6-A8D2-38CEECC9F4EB}"
EndProject
Global
	GlobalSection(SolutionConfigurationPlatforms) = preSolution
		Debug|Any CPU = Debug|Any CPU
		Release|Any CPU = Release|Any CPU
	EndGlobalSection
	GlobalSection(ProjectConfigurationPlatforms) = postSolution
		{B92D450B-F901-4A64-94F9-00F78230C5CC}.Debug|Any CPU.ActiveCfg = Debug|Any CPU
		{B92D450B-F901-4A64-94F9-00F78230C5CC}.Debug|Any CPU.Build.0 = Debug|Any CPU
		{B92D450B-F901-4A64-94F9-00F78230C5CC}.Release|Any CPU.ActiveCfg = Release|Any CPU
		{B92D450B-F901-4A64-94F9-00F78230C5CC}.Release|Any CPU.Build.0 = Release|Any CPU
		{6F7546B0-3DBA-45F6-A8D2-38CEECC9F4EB}.Debug|Any CPU.ActiveCfg = Debug|Any CPU
		{6F7546B0-3DBA-45F6-A8D2-38CEECC9F4EB}.Debug|Any CPU.Build.0 = Debug|Any CPU
		{6F7546B0-3DBA-45F6-A8D2-38CEECC9F4EB}.Release|Any CPU.ActiveCfg = Release|Any CPU
		{6F7546B0-3DBA-45F6-A8D2-38CEECC9F4EB}.Release|Any CPU.Build.0 = Release|Any CPU
	EndGlobalSection
	GlobalSection(SolutionProperties) = preSolution
		HideSolutionNode = FALSE
	EndGlobalSection
EndGlobal
